<?xml version="1.0" encoding="utf-8"?>
<Project ToolsVersion="4.0" xmlns="http://schemas.microsoft.com/developer/msbuild/2003">
  <ItemGroup>
    <Filter Include="Source Files">
      <UniqueIdentifier>{4FC737F1-C7A5-4376-A066-2A32D752A2FF}</UniqueIdentifier>
      <Extensions>cpp;c;cc;cxx;c++;cppm;ixx;def;odl;idl;hpj;bat;asm;asmx</Extensions>
    </Filter>
    <Filter Include="Header Files">
      <UniqueIdentifier>{93995380-89BD-4b04-88EB-625FBE52EBFB}</UniqueIdentifier>
      <Extensions>h;hh;hpp;hxx;h++;hm;inl;inc;ipp;xsd</Extensions>
    </Filter>
    <Filter Include="Resource Files">
      <UniqueIdentifier>{67DA6AB6-F800-4c08-8B7A-83BB121AAD01}</UniqueIdentifier>
      <Extensions>rc;ico;cur;bmp;dlg;rc2;rct;bin;rgs;gif;jpg;jpeg;jpe;resx;tiff;tif;png;wav;mfcribbon-ms</Extensions>
    </Filter>
  </ItemGroup>
  <ItemGroup>
    <ClCompile Include="Main.cpp">
      <Filter>Source Files</Filter>
    </ClCompile>
    <ClCompile Include="MyWindow.cpp">
      <Filter>Source Files</Filter>
    </ClCompile>
    <ClCompile Include="Renderer.cpp">
      <Filter>Source Files</Filter>
    </ClCompile>
    <ClCompile Include="InputManager.cpp">
      <Filter>Source Files</Filter>
    </ClCompile>
    <ClCompile Include="SoundManager.cpp">
      <Filter>Source Files</Filter>
    </ClCompile>
    <ClCompile Include="Game.cpp">
      <Filter>Source Files</Filter>
    </ClCompile>
    <ClCompile Include="PhysicsManager.cpp">
      <Filter>Source Files</Filter>
    </ClCompile>
    <ClCompile Include="Level1.cpp">
      <Filter>Source Files</Filter>
    </ClCompile>
    <ClCompile Include="MenuState.cpp">
      <Filter>Source Files</Filter>
    </ClCompile>
    <ClCompile Include="GameoverState.cpp">
      <Filter>Source Files</Filter>
    </ClCompile>
    <ClCompile Include="YouWinState.cpp">
      <Filter>Source Files</Filter>
    </ClCompile>
  </ItemGroup>
  <ItemGroup>
    <Text Include="example.txt" />
  </ItemGroup>
  <ItemGroup>
    <ClInclude Include="headers\MyWindow.h">
      <Filter>Header Files</Filter>
    </ClInclude>
    <ClInclude Include="headers\Renderer.h">
      <Filter>Header Files</Filter>
    </ClInclude>
    <ClInclude Include="headers\TextureData.h">
      <Filter>Header Files</Filter>
    </ClInclude>
    <ClInclude Include="headers\InputManager.h">
      <Filter>Header Files</Filter>
    </ClInclude>
    <ClInclude Include="headers\SpriteInstance.h">
      <Filter>Header Files</Filter>
    </ClInclude>
    <ClInclude Include="headers\PhysicsBody.h">
      <Filter>Header Files</Filter>
    </ClInclude>
    <ClInclude Include="headers\SoundManager.h">
      <Filter>Header Files</Filter>
    </ClInclude>
    <ClInclude Include="headers\Game.h">
      <Filter>Header Files</Filter>
    </ClInclude>
    <ClInclude Include="headers\IGameState.h">
      <Filter>Header Files</Filter>
    </ClInclude>
    <ClInclude Include="headers\PhysicsManager.h">
      <Filter>Header Files</Filter>
    </ClInclude>
    <ClInclude Include="headers\Level1.h">
      <Filter>Header Files</Filter>
    </ClInclude>
    <ClInclude Include="headers\GameServices.h">
      <Filter>Header Files</Filter>
    </ClInclude>
    <ClInclude Include="headers\MenuState.h">
      <Filter>Header Files</Filter>
    </ClInclude>
    <ClInclude Include="headers\GameoverState.h">
      <Filter>Header Files</Filter>
    </ClInclude>
    <ClInclude Include="headers\YouWinState.h">
      <Filter>Header Files</Filter>
    </ClInclude>
  </ItemGroup>
  <ItemGroup>
    <Image Include="assets\bg1.png">
      <Filter>Resource Files</Filter>
    </Image>
    <Image Include="assets\paddle.png">
      <Filter>Resource Files</Filter>
    </Image>
    <Image Include="assets\singlePaddle.png">
      <Filter>Resource Files</Filter>
    </Image>
    <Image Include="assets\bg2.png">
      <Filter>Resource Files</Filter>
    </Image>
    <Image Include="assets\bg3.png">
      <Filter>Resource Files</Filter>
    </Image>
    <Image Include="assets\militia.png">
      <Filter>Resource Files</Filter>
    </Image>
    <Image Include="assets\rock.png">
      <Filter>Resource Files</Filter>
    </Image>
    <Image Include="assets\practical9.png">
      <Filter>Resource Files</Filter>
    </Image>
  </ItemGroup>
  <ItemGroup>
    <Media Include="assets\ctr_title.mp3" />
    <Media Include="assets\ctr_ingame.mp3" />
  </ItemGroup>
  <ItemGroup>
    <None Include="..\..\..\..\..\..\Program Files (x86)\FMOD SoundSystem\FMOD Studio API Windows\api\core\lib\x86\fmod.dll">
      <Filter>Source Files</Filter>
    </None>
    <None Include="..\..\..\..\..\..\Program Files (x86)\FMOD SoundSystem\FMOD Studio API Windows\api\core\lib\x86\fmodL.dll">
      <Filter>Source Files</Filter>
    </None>
  </ItemGroup>
</Project>